# THIS IS AN AUTOGENERATED FILE. DO NOT EDIT THIS FILE DIRECTLY.
# yarn lockfile v1


"@types/debug@^4.0.0":
  version "4.1.8"
  resolved "https://registry.npmmirror.com/@types/debug/-/debug-4.1.8.tgz#cef723a5d0a90990313faec2d1e22aee5eecb317"
  integrity sha512-/vPO1EPOs306Cvhwv7KfVfYvOJqA/S/AXjaHQiJboCZzcNDb+TIJFN9/2C9DZ//ijSKWioNyUxD792QmDJ+HKQ==
  dependencies:
    "@types/ms" "*"

"@types/estree-jsx@^1.0.0":
  version "1.0.0"
  resolved "https://registry.npmmirror.com/@types/estree-jsx/-/estree-jsx-1.0.0.tgz#7bfc979ab9f692b492017df42520f7f765e98df1"
  integrity sha512-3qvGd0z8F2ENTGr/GG1yViqfiKmRfrXVx5sJyHGFu3z7m5g5utCQtGp/g29JnjflhtQJBv1WDQukHiT58xPcYQ==
  dependencies:
    "@types/estree" "*"

"@types/estree@*":
  version "1.0.1"
  resolved "https://registry.npmmirror.com/@types/estree/-/estree-1.0.1.tgz#aa22750962f3bf0e79d753d3cc067f010c95f194"
  integrity sha512-LG4opVs2ANWZ1TJoKc937iMmNstM/d0ae1vNbnBvBhqCSezgVUOzcLCqbI5elV8Vy6WKwKjaqR+zO9VKirBBCA==

"@types/hast@^2.0.0":
  version "2.3.5"
  resolved "https://registry.npmmirror.com/@types/hast/-/hast-2.3.5.tgz#08caac88b44d0fdd04dc17a19142355f43bd8a7a"
  integrity sha512-SvQi0L/lNpThgPoleH53cdjB3y9zpLlVjRbqB3rH8hx1jiRSBGAhyjV3H+URFjNVRqt2EdYNrbZE5IsGlNfpRg==
  dependencies:
    "@types/unist" "^2"

"@types/katex@^0.16.0":
  version "0.16.2"
  resolved "https://registry.npmmirror.com/@types/katex/-/katex-0.16.2.tgz#aa56983b722ccbc4aa81d11d117aa9c687b69b73"
  integrity sha512-dHsSjSlU/EWEEbeNADr3FtZZOAXPkFPUO457QCnoNqcZQXNqNEu/svQd0Nritvd3wNff4vvC/f4e6xgX3Llt8A==

"@types/mdast@^3.0.0":
  version "3.0.12"
  resolved "https://registry.npmmirror.com/@types/mdast/-/mdast-3.0.12.tgz#beeb511b977c875a5b0cc92eab6fcac2f0895514"
  integrity sha512-DT+iNIRNX884cx0/Q1ja7NyUPpZuv0KPyL5rGNxm1WC1OtHstl7n4Jb7nk+xacNShQMbczJjt8uFzznpp6kYBg==
  dependencies:
    "@types/unist" "^2"

"@types/ms@*":
  version "0.7.31"
  resolved "https://registry.npmmirror.com/@types/ms/-/ms-0.7.31.tgz#31b7ca6407128a3d2bbc27fe2d21b345397f6197"
  integrity sha512-iiUgKzV9AuaEkZqkOLDIvlQiL6ltuZd9tGcW3gwpnX8JbuiuhFlEGmmFXEXkN50Cvq7Os88IY2v0dkDqXYWVgA==

"@types/unist@^2", "@types/unist@^2.0.0":
  version "2.0.7"
  resolved "https://registry.npmmirror.com/@types/unist/-/unist-2.0.7.tgz#5b06ad6894b236a1d2bd6b2f07850ca5c59cf4d6"
  integrity sha512-cputDpIbFgLUaGQn6Vqg3/YsJwxUwHLO13v3i5ouxT4lat0khip9AEWxtERujXV9wxIB1EyF97BSJFt6vpdI8g==

bail@^2.0.0:
  version "2.0.2"
  resolved "https://registry.npmmirror.com/bail/-/bail-2.0.2.tgz#d26f5cd8fe5d6f832a31517b9f7c356040ba6d5d"
  integrity sha512-0xO6mYd7JB2YesxDKplafRpsiOzPt9V02ddPCLbY1xYGPOX24NTyN50qnUxgCPcSoYMhKpAuBTjQoRZCAkUDRw==

ccount@^2.0.0:
  version "2.0.1"
  resolved "https://registry.npmmirror.com/ccount/-/ccount-2.0.1.tgz#17a3bf82302e0870d6da43a01311a8bc02a3ecf5"
  integrity sha512-eyrF0jiFpY+3drT6383f1qhkbGsLSifNAjA61IUjZjmLCWjItY6LB9ft9YhoDgwfmclB2zhu51Lc7+95b8NRAg==

character-entities-html4@^2.0.0:
  version "2.1.0"
  resolved "https://registry.npmmirror.com/character-entities-html4/-/character-entities-html4-2.1.0.tgz#1f1adb940c971a4b22ba39ddca6b618dc6e56b2b"
  integrity sha512-1v7fgQRj6hnSwFpq1Eu0ynr/CDEw0rXo2B61qXrLNdHZmPKgb7fqS1a2JwF0rISo9q77jDI8VMEHoApn8qDoZA==

character-entities-legacy@^3.0.0:
  version "3.0.0"
  resolved "https://registry.npmmirror.com/character-entities-legacy/-/character-entities-legacy-3.0.0.tgz#76bc83a90738901d7bc223a9e93759fdd560125b"
  integrity sha512-RpPp0asT/6ufRm//AJVwpViZbGM/MkjQFxJccQRHmISF/22NBtsHqAWmL+/pmkPWoIUJdWyeVleTl1wydHATVQ==

character-entities@^2.0.0:
  version "2.0.2"
  resolved "https://registry.npmmirror.com/character-entities/-/character-entities-2.0.2.tgz#2d09c2e72cd9523076ccb21157dff66ad43fcc22"
  integrity sha512-shx7oQ0Awen/BRIdkjkvz54PnEEI/EjwXDSIZp86/KKdbafHh1Df/RYGBhn4hbe2+uKC9FnT5UCEdyPz3ai9hQ==

character-reference-invalid@^2.0.0:
  version "2.0.1"
  resolved "https://registry.npmmirror.com/character-reference-invalid/-/character-reference-invalid-2.0.1.tgz#85c66b041e43b47210faf401278abf808ac45cb9"
  integrity sha512-iBZ4F4wRbyORVsu0jPV7gXkOsGYjGHPmAyv+HiHG8gi5PtC9KI2j1+v8/tlibRvjoWX027ypmG/n0HtO5t7unw==

commander@^8.3.0:
  version "8.3.0"
  resolved "https://registry.npmmirror.com/commander/-/commander-8.3.0.tgz#4837ea1b2da67b9c616a67afbb0fafee567bca66"
  integrity sha512-OkTL9umf+He2DZkUq8f8J9of7yL6RJKI24dVITBmNfZBmri9zYZQrKkuXiKhyfPSu8tUhnVBB1iKXevvnlR4Ww==

debug@^4.0.0:
  version "4.3.4"
  resolved "https://registry.npmmirror.com/debug/-/debug-4.3.4.tgz#1319f6579357f2338d3337d2cdd4914bb5dcc865"
  integrity sha512-PRWFHuSU3eDtQJPvnNY7Jcket1j0t5OuOsFzPPzsekD52Zl8qUfFIPEiswXqIvHWGVHOgX+7G/vCNNhehwxfkQ==
  dependencies:
    ms "2.1.2"

decode-named-character-reference@^1.0.0:
  version "1.0.2"
  resolved "https://registry.npmmirror.com/decode-named-character-reference/-/decode-named-character-reference-1.0.2.tgz#daabac9690874c394c81e4162a0304b35d824f0e"
  integrity sha512-O8x12RzrUF8xyVcY0KJowWsmaJxQbmy0/EtnNtHRpsOcT7dFk5W598coHqBVpmWo1oQQfsCqfCmkZN5DJrZVdg==
  dependencies:
    character-entities "^2.0.0"

dequal@^2.0.0:
  version "2.0.3"
  resolved "https://registry.npmmirror.com/dequal/-/dequal-2.0.3.tgz#2644214f1997d39ed0ee0ece72335490a7ac67be"
  integrity sha512-0je+qPKHEMohvfRTCEo3CrPG6cAzAYgmzKyxRiYSSDkS6eGJdyVJm7WaYA5ECaAD9wLB2T4EEeymA5aFVcYXCA==

diff@^5.0.0:
  version "5.1.0"
  resolved "https://registry.npmmirror.com/diff/-/diff-5.1.0.tgz#bc52d298c5ea8df9194800224445ed43ffc87e40"
  integrity sha512-D+mk+qE8VC/PAUrlAU34N+VfXev0ghe5ywmpqrawphmVZc1bEfn56uo9qpyGp1p4xpzOHkSW4ztBd6L7Xx4ACw==

escape-string-regexp@^5.0.0:
  version "5.0.0"
  resolved "https://registry.npmmirror.com/escape-string-regexp/-/escape-string-regexp-5.0.0.tgz#4683126b500b61762f2dbebace1806e8be31b1c8"
  integrity sha512-/veY75JbMK4j1yjvuUxuVsiS/hr/4iHs9FTT6cgTexxdE0Ly/glccBAkloH/DofkjRbZU3bnoj38mOmhkZ0lHw==

extend@^3.0.0:
  version "3.0.2"
  resolved "https://registry.npmmirror.com/extend/-/extend-3.0.2.tgz#f8b1136b4071fbd8eb140aff858b1019ec2915fa"
  integrity sha512-fjquC59cD7CyW6urNXK0FBufkZcoiGG80wTuPujX590cB5Ttln20E2UB4S/WARVqhXffZl2LNgS+gQdPIIim/g==

is-alphabetical@^2.0.0:
  version "2.0.1"
  resolved "https://registry.npmmirror.com/is-alphabetical/-/is-alphabetical-2.0.1.tgz#01072053ea7c1036df3c7d19a6daaec7f19e789b"
  integrity sha512-FWyyY60MeTNyeSRpkM2Iry0G9hpr7/9kD40mD/cGQEuilcZYS4okz8SN2Q6rLCJ8gbCt6fN+rC+6tMGS99LaxQ==

is-alphanumerical@^2.0.0:
  version "2.0.1"
  resolved "https://registry.npmmirror.com/is-alphanumerical/-/is-alphanumerical-2.0.1.tgz#7c03fbe96e3e931113e57f964b0a368cc2dfd875"
  integrity sha512-hmbYhX/9MUMF5uh7tOXyK/n0ZvWpad5caBA17GsC6vyuCqaWliRG5K1qS9inmUhEMaOBIW7/whAnSwveW/LtZw==
  dependencies:
    is-alphabetical "^2.0.0"
    is-decimal "^2.0.0"

is-buffer@^2.0.0:
  version "2.0.5"
  resolved "https://registry.npmmirror.com/is-buffer/-/is-buffer-2.0.5.tgz#ebc252e400d22ff8d77fa09888821a24a658c191"
  integrity sha512-i2R6zNFDwgEHJyQUtJEk0XFi1i0dPFn/oqjK3/vPCcDeJvW5NQ83V8QbicfF1SupOaB0h8ntgBC2YiE7dfyctQ==

is-decimal@^2.0.0:
  version "2.0.1"
  resolved "https://registry.npmmirror.com/is-decimal/-/is-decimal-2.0.1.tgz#9469d2dc190d0214fd87d78b78caecc0cc14eef7"
  integrity sha512-AAB9hiomQs5DXWcRB1rqsxGUstbRroFOPPVAomNk/3XHR5JyEZChOyTWe2oayKnsSsr/kcGqF+z6yuH6HHpN0A==

is-hexadecimal@^2.0.0:
  version "2.0.1"
  resolved "https://registry.npmmirror.com/is-hexadecimal/-/is-hexadecimal-2.0.1.tgz#86b5bf668fca307498d319dfc03289d781a90027"
  integrity sha512-DgZQp241c8oO6cA1SbTEWiXeoxV42vlcJxgH+B3hi1AiqqKruZR3ZGF8In3fj4+/y/7rHvlOZLZtgJ/4ttYGZg==

is-plain-obj@^4.0.0:
  version "4.1.0"
  resolved "https://registry.npmmirror.com/is-plain-obj/-/is-plain-obj-4.1.0.tgz#d65025edec3657ce032fd7db63c97883eaed71f0"
  integrity sha512-+Pgi+vMuUNkJyExiMBt5IlFoMyKnr5zhJ4Uspz58WOhBF5QoIZkFyNHIbBAtHwzVAgk5RtndVNsDRN61/mmDqg==

katex@^0.16.0:
  version "0.16.8"
  resolved "https://registry.npmmirror.com/katex/-/katex-0.16.8.tgz#89b453f40e8557f423f31a1009e9298dd99d5ceb"
  integrity sha512-ftuDnJbcbOckGY11OO+zg3OofESlbR5DRl2cmN8HeWeeFIV7wTXvAOx8kEjZjobhA+9wh2fbKeO6cdcA9Mnovg==
  dependencies:
    commander "^8.3.0"

kleur@^4.0.3:
  version "4.1.5"
  resolved "https://registry.npmmirror.com/kleur/-/kleur-4.1.5.tgz#95106101795f7050c6c650f350c683febddb1780"
  integrity sha512-o+NO+8WrRiQEE4/7nwRJhN1HWpVmJm511pBHUxPLtp0BUISzlBplORYSmTclCnJvQq2tKu/sgl3xVpkc7ZWuQQ==

longest-streak@^3.0.0:
  version "3.1.0"
  resolved "https://registry.npmmirror.com/longest-streak/-/longest-streak-3.1.0.tgz#62fa67cd958742a1574af9f39866364102d90cd4"
  integrity sha512-9Ri+o0JYgehTaVBBDoMqIl8GXtbWg711O3srftcHhZ0dqnETqLaoIK0x17fUw9rFSlK/0NlsKe0Ahhyl5pXE2g==

markdown-table@^3.0.0:
  version "3.0.3"
  resolved "https://registry.npmmirror.com/markdown-table/-/markdown-table-3.0.3.tgz#e6331d30e493127e031dd385488b5bd326e4a6bd"
  integrity sha512-Z1NL3Tb1M9wH4XESsCDEksWoKTdlUafKc4pt0GRwjUyXaCFZ+dc3g2erqB6zm3szA2IUSi7VnPI+o/9jnxh9hw==

mdast-comment-marker@^2.0.0:
  version "2.1.2"
  resolved "https://registry.npmmirror.com/mdast-comment-marker/-/mdast-comment-marker-2.1.2.tgz#48ae16a49574bb22b489d04365ca3b1b5173f0da"
  integrity sha512-HED3ezseRVkBzZ0uK4q6RJMdufr/2p3VfVZstE3H1N9K8bwtspztWo6Xd7rEatuGNoCXaBna8oEqMwUn0Ve1bw==
  dependencies:
    "@types/mdast" "^3.0.0"
    mdast-util-mdx-expression "^1.1.0"

mdast-util-directive@^2.0.0:
  version "2.2.4"
  resolved "https://registry.npmmirror.com/mdast-util-directive/-/mdast-util-directive-2.2.4.tgz#e397ed699ec83938cb4a48dc1cec3ae69cbd7aa3"
  integrity sha512-sK3ojFP+jpj1n7Zo5ZKvoxP1MvLyzVG63+gm40Z/qI00avzdPCYxt7RBMgofwAva9gBjbDBWVRB/i+UD+fUCzQ==
  dependencies:
    "@types/mdast" "^3.0.0"
    "@types/unist" "^2.0.0"
    mdast-util-from-markdown "^1.3.0"
    mdast-util-to-markdown "^1.5.0"
    parse-entities "^4.0.0"
    stringify-entities "^4.0.0"
    unist-util-visit-parents "^5.1.3"

mdast-util-find-and-replace@^2.0.0:
  version "2.2.2"
  resolved "https://registry.npmmirror.com/mdast-util-find-and-replace/-/mdast-util-find-and-replace-2.2.2.tgz#cc2b774f7f3630da4bd592f61966fecade8b99b1"
  integrity sha512-MTtdFRz/eMDHXzeK6W3dO7mXUlF82Gom4y0oOgvHhh/HXZAGvIQDUvQ0SuUx+j2tv44b8xTHOm8K/9OoRFnXKw==
  dependencies:
    "@types/mdast" "^3.0.0"
    escape-string-regexp "^5.0.0"
    unist-util-is "^5.0.0"
    unist-util-visit-parents "^5.0.0"

mdast-util-from-markdown@^1.0.0, mdast-util-from-markdown@^1.3.0:
  version "1.3.1"
  resolved "https://registry.npmmirror.com/mdast-util-from-markdown/-/mdast-util-from-markdown-1.3.1.tgz#9421a5a247f10d31d2faed2a30df5ec89ceafcf0"
  integrity sha512-4xTO/M8c82qBcnQc1tgpNtubGUW/Y1tBQ1B0i5CtSoelOLKFYlElIr3bvgREYYO5iRqbMY1YuqZng0GVOI8Qww==
  dependencies:
    "@types/mdast" "^3.0.0"
    "@types/unist" "^2.0.0"
    decode-named-character-reference "^1.0.0"
    mdast-util-to-string "^3.1.0"
    micromark "^3.0.0"
    micromark-util-decode-numeric-character-reference "^1.0.0"
    micromark-util-decode-string "^1.0.0"
    micromark-util-normalize-identifier "^1.0.0"
    micromark-util-symbol "^1.0.0"
    micromark-util-types "^1.0.0"
    unist-util-stringify-position "^3.0.0"
    uvu "^0.5.0"

mdast-util-gfm-autolink-literal@^1.0.0:
  version "1.0.3"
  resolved "https://registry.npmmirror.com/mdast-util-gfm-autolink-literal/-/mdast-util-gfm-autolink-literal-1.0.3.tgz#67a13abe813d7eba350453a5333ae1bc0ec05c06"
  integrity sha512-My8KJ57FYEy2W2LyNom4n3E7hKTuQk/0SES0u16tjA9Z3oFkF4RrC/hPAPgjlSpezsOvI8ObcXcElo92wn5IGA==
  dependencies:
    "@types/mdast" "^3.0.0"
    ccount "^2.0.0"
    mdast-util-find-and-replace "^2.0.0"
    micromark-util-character "^1.0.0"

mdast-util-gfm-footnote@^1.0.0:
  version "1.0.2"
  resolved "https://registry.npmmirror.com/mdast-util-gfm-footnote/-/mdast-util-gfm-footnote-1.0.2.tgz#ce5e49b639c44de68d5bf5399877a14d5020424e"
  integrity sha512-56D19KOGbE00uKVj3sgIykpwKL179QsVFwx/DCW0u/0+URsryacI4MAdNJl0dh+u2PSsD9FtxPFbHCzJ78qJFQ==
  dependencies:
    "@types/mdast" "^3.0.0"
    mdast-util-to-markdown "^1.3.0"
    micromark-util-normalize-identifier "^1.0.0"

mdast-util-gfm-strikethrough@^1.0.0:
  version "1.0.3"
  resolved "https://registry.npmmirror.com/mdast-util-gfm-strikethrough/-/mdast-util-gfm-strikethrough-1.0.3.tgz#5470eb105b483f7746b8805b9b989342085795b7"
  integrity sha512-DAPhYzTYrRcXdMjUtUjKvW9z/FNAMTdU0ORyMcbmkwYNbKocDpdk+PX1L1dQgOID/+vVs1uBQ7ElrBQfZ0cuiQ==
  dependencies:
    "@types/mdast" "^3.0.0"
    mdast-util-to-markdown "^1.3.0"

mdast-util-gfm-table@^1.0.0:
  version "1.0.7"
  resolved "https://registry.npmmirror.com/mdast-util-gfm-table/-/mdast-util-gfm-table-1.0.7.tgz#3552153a146379f0f9c4c1101b071d70bbed1a46"
  integrity sha512-jjcpmNnQvrmN5Vx7y7lEc2iIOEytYv7rTvu+MeyAsSHTASGCCRA79Igg2uKssgOs1i1po8s3plW0sTu1wkkLGg==
  dependencies:
    "@types/mdast" "^3.0.0"
    markdown-table "^3.0.0"
    mdast-util-from-markdown "^1.0.0"
    mdast-util-to-markdown "^1.3.0"

mdast-util-gfm-task-list-item@^1.0.0:
  version "1.0.2"
  resolved "https://registry.npmmirror.com/mdast-util-gfm-task-list-item/-/mdast-util-gfm-task-list-item-1.0.2.tgz#b280fcf3b7be6fd0cc012bbe67a59831eb34097b"
  integrity sha512-PFTA1gzfp1B1UaiJVyhJZA1rm0+Tzn690frc/L8vNX1Jop4STZgOE6bxUhnzdVSB+vm2GU1tIsuQcA9bxTQpMQ==
  dependencies:
    "@types/mdast" "^3.0.0"
    mdast-util-to-markdown "^1.3.0"

mdast-util-gfm@^2.0.0:
  version "2.0.2"
  resolved "https://registry.npmmirror.com/mdast-util-gfm/-/mdast-util-gfm-2.0.2.tgz#e92f4d8717d74bdba6de57ed21cc8b9552e2d0b6"
  integrity sha512-qvZ608nBppZ4icQlhQQIAdc6S3Ffj9RGmzwUKUWuEICFnd1LVkN3EktF7ZHAgfcEdvZB5owU9tQgt99e2TlLjg==
  dependencies:
    mdast-util-from-markdown "^1.0.0"
    mdast-util-gfm-autolink-literal "^1.0.0"
    mdast-util-gfm-footnote "^1.0.0"
    mdast-util-gfm-strikethrough "^1.0.0"
    mdast-util-gfm-table "^1.0.0"
    mdast-util-gfm-task-list-item "^1.0.0"
    mdast-util-to-markdown "^1.0.0"

mdast-util-heading-style@^2.0.0:
  version "2.0.1"
  resolved "https://registry.npmmirror.com/mdast-util-heading-style/-/mdast-util-heading-style-2.0.1.tgz#078cb0120a06af777c60413f7ba10f6d071b4672"
  integrity sha512-0L5rthU4xKDVbw+UQ7D8Y8xOEsX4JXZvemWoEAsL+WAaeSH+TvVVwFnTb3G/OrjyP4VYQULoNWU+PdZfkmNu4A==
  dependencies:
    "@types/mdast" "^3.0.0"

mdast-util-math@^2.0.0:
  version "2.0.2"
  resolved "https://registry.npmmirror.com/mdast-util-math/-/mdast-util-math-2.0.2.tgz#19a06a81f31643f48cc805e7c31edb7ce739242c"
  integrity sha512-8gmkKVp9v6+Tgjtq6SYx9kGPpTf6FVYRa53/DLh479aldR9AyP48qeVOgNZ5X7QUK7nOy4yw7vg6mbiGcs9jWQ==
  dependencies:
    "@types/mdast" "^3.0.0"
    longest-streak "^3.0.0"
    mdast-util-to-markdown "^1.3.0"

mdast-util-mdx-expression@^1.1.0:
  version "1.3.2"
  resolved "https://registry.npmmirror.com/mdast-util-mdx-expression/-/mdast-util-mdx-expression-1.3.2.tgz#d027789e67524d541d6de543f36d51ae2586f220"
  integrity sha512-xIPmR5ReJDu/DHH1OoIT1HkuybIfRGYRywC+gJtI7qHjCJp/M9jrmBEJW22O8lskDWm562BX2W8TiAwRTb0rKA==
  dependencies:
    "@types/estree-jsx" "^1.0.0"
    "@types/hast" "^2.0.0"
    "@types/mdast" "^3.0.0"
    mdast-util-from-markdown "^1.0.0"
    mdast-util-to-markdown "^1.0.0"

mdast-util-phrasing@^3.0.0:
  version "3.0.1"
  resolved "https://registry.npmmirror.com/mdast-util-phrasing/-/mdast-util-phrasing-3.0.1.tgz#c7c21d0d435d7fb90956038f02e8702781f95463"
  integrity sha512-WmI1gTXUBJo4/ZmSk79Wcb2HcjPJBzM1nlI/OUWA8yk2X9ik3ffNbBGsU+09BFmXaL1IBb9fiuvq6/KMiNycSg==
  dependencies:
    "@types/mdast" "^3.0.0"
    unist-util-is "^5.0.0"

mdast-util-to-markdown@^1.0.0, mdast-util-to-markdown@^1.3.0, mdast-util-to-markdown@^1.5.0:
  version "1.5.0"
  resolved "https://registry.npmmirror.com/mdast-util-to-markdown/-/mdast-util-to-markdown-1.5.0.tgz#c13343cb3fc98621911d33b5cd42e7d0731171c6"
  integrity sha512-bbv7TPv/WC49thZPg3jXuqzuvI45IL2EVAr/KxF0BSdHsU0ceFHOmwQn6evxAh1GaoK/6GQ1wp4R4oW2+LFL/A==
  dependencies:
    "@types/mdast" "^3.0.0"
    "@types/unist" "^2.0.0"
    longest-streak "^3.0.0"
    mdast-util-phrasing "^3.0.0"
    mdast-util-to-string "^3.0.0"
    micromark-util-decode-string "^1.0.0"
    unist-util-visit "^4.0.0"
    zwitch "^2.0.0"

mdast-util-to-string@^3.0.0, mdast-util-to-string@^3.1.0:
  version "3.2.0"
  resolved "https://registry.npmmirror.com/mdast-util-to-string/-/mdast-util-to-string-3.2.0.tgz#66f7bb6324756741c5f47a53557f0cbf16b6f789"
  integrity sha512-V4Zn/ncyN1QNSqSBxTrMOLpjr+IKdHl2v3KVLoWmDPscP4r9GcCi71gjgvUV1SFSKh92AjAG4peFuBl2/YgCJg==
  dependencies:
    "@types/mdast" "^3.0.0"

micromark-core-commonmark@^1.0.0, micromark-core-commonmark@^1.0.1:
  version "1.1.0"
  resolved "https://registry.npmmirror.com/micromark-core-commonmark/-/micromark-core-commonmark-1.1.0.tgz#1386628df59946b2d39fb2edfd10f3e8e0a75bb8"
  integrity sha512-BgHO1aRbolh2hcrzL2d1La37V0Aoz73ymF8rAcKnohLy93titmv62E0gP8Hrx9PKcKrqCZ1BbLGbP3bEhoXYlw==
  dependencies:
    decode-named-character-reference "^1.0.0"
    micromark-factory-destination "^1.0.0"
    micromark-factory-label "^1.0.0"
    micromark-factory-space "^1.0.0"
    micromark-factory-title "^1.0.0"
    micromark-factory-whitespace "^1.0.0"
    micromark-util-character "^1.0.0"
    micromark-util-chunked "^1.0.0"
    micromark-util-classify-character "^1.0.0"
    micromark-util-html-tag-name "^1.0.0"
    micromark-util-normalize-identifier "^1.0.0"
    micromark-util-resolve-all "^1.0.0"
    micromark-util-subtokenize "^1.0.0"
    micromark-util-symbol "^1.0.0"
    micromark-util-types "^1.0.1"
    uvu "^0.5.0"

micromark-extension-directive@^2.0.0:
  version "2.2.1"
  resolved "https://registry.npmmirror.com/micromark-extension-directive/-/micromark-extension-directive-2.2.1.tgz#181751e433a0f2cdfbccc520eb1da42d63cbe4bd"
  integrity sha512-ZFKZkNaEqAP86IghX1X7sE8NNnx6kFNq9mSBRvEHjArutTCJZ3LYg6VH151lXVb1JHpmIcW/7rX25oMoIHuSug==
  dependencies:
    micromark-factory-space "^1.0.0"
    micromark-factory-whitespace "^1.0.0"
    micromark-util-character "^1.0.0"
    micromark-util-symbol "^1.0.0"
    micromark-util-types "^1.0.0"
    parse-entities "^4.0.0"
    uvu "^0.5.0"

micromark-extension-gfm-autolink-literal@^1.0.0:
  version "1.0.5"
  resolved "https://registry.npmmirror.com/micromark-extension-gfm-autolink-literal/-/micromark-extension-gfm-autolink-literal-1.0.5.tgz#5853f0e579bbd8ef9e39a7c0f0f27c5a063a66e7"
  integrity sha512-z3wJSLrDf8kRDOh2qBtoTRD53vJ+CWIyo7uyZuxf/JAbNJjiHsOpG1y5wxk8drtv3ETAHutCu6N3thkOOgueWg==
  dependencies:
    micromark-util-character "^1.0.0"
    micromark-util-sanitize-uri "^1.0.0"
    micromark-util-symbol "^1.0.0"
    micromark-util-types "^1.0.0"

micromark-extension-gfm-footnote@^1.0.0:
  version "1.1.2"
  resolved "https://registry.npmmirror.com/micromark-extension-gfm-footnote/-/micromark-extension-gfm-footnote-1.1.2.tgz#05e13034d68f95ca53c99679040bc88a6f92fe2e"
  integrity sha512-Yxn7z7SxgyGWRNa4wzf8AhYYWNrwl5q1Z8ii+CSTTIqVkmGZF1CElX2JI8g5yGoM3GAman9/PVCUFUSJ0kB/8Q==
  dependencies:
    micromark-core-commonmark "^1.0.0"
    micromark-factory-space "^1.0.0"
    micromark-util-character "^1.0.0"
    micromark-util-normalize-identifier "^1.0.0"
    micromark-util-sanitize-uri "^1.0.0"
    micromark-util-symbol "^1.0.0"
    micromark-util-types "^1.0.0"
    uvu "^0.5.0"

micromark-extension-gfm-strikethrough@^1.0.0:
  version "1.0.7"
  resolved "https://registry.npmmirror.com/micromark-extension-gfm-strikethrough/-/micromark-extension-gfm-strikethrough-1.0.7.tgz#c8212c9a616fa3bf47cb5c711da77f4fdc2f80af"
  integrity sha512-sX0FawVE1o3abGk3vRjOH50L5TTLr3b5XMqnP9YDRb34M0v5OoZhG+OHFz1OffZ9dlwgpTBKaT4XW/AsUVnSDw==
  dependencies:
    micromark-util-chunked "^1.0.0"
    micromark-util-classify-character "^1.0.0"
    micromark-util-resolve-all "^1.0.0"
    micromark-util-symbol "^1.0.0"
    micromark-util-types "^1.0.0"
    uvu "^0.5.0"

micromark-extension-gfm-table@^1.0.0:
  version "1.0.7"
  resolved "https://registry.npmmirror.com/micromark-extension-gfm-table/-/micromark-extension-gfm-table-1.0.7.tgz#dcb46074b0c6254c3fc9cc1f6f5002c162968008"
  integrity sha512-3ZORTHtcSnMQEKtAOsBQ9/oHp9096pI/UvdPtN7ehKvrmZZ2+bbWhi0ln+I9drmwXMt5boocn6OlwQzNXeVeqw==
  dependencies:
    micromark-factory-space "^1.0.0"
    micromark-util-character "^1.0.0"
    micromark-util-symbol "^1.0.0"
    micromark-util-types "^1.0.0"
    uvu "^0.5.0"

micromark-extension-gfm-tagfilter@^1.0.0:
  version "1.0.2"
  resolved "https://registry.npmmirror.com/micromark-extension-gfm-tagfilter/-/micromark-extension-gfm-tagfilter-1.0.2.tgz#aa7c4dd92dabbcb80f313ebaaa8eb3dac05f13a7"
  integrity sha512-5XWB9GbAUSHTn8VPU8/1DBXMuKYT5uOgEjJb8gN3mW0PNW5OPHpSdojoqf+iq1xo7vWzw/P8bAHY0n6ijpXF7g==
  dependencies:
    micromark-util-types "^1.0.0"

micromark-extension-gfm-task-list-item@^1.0.0:
  version "1.0.5"
  resolved "https://registry.npmmirror.com/micromark-extension-gfm-task-list-item/-/micromark-extension-gfm-task-list-item-1.0.5.tgz#b52ce498dc4c69b6a9975abafc18f275b9dde9f4"
  integrity sha512-RMFXl2uQ0pNQy6Lun2YBYT9g9INXtWJULgbt01D/x8/6yJ2qpKyzdZD3pi6UIkzF++Da49xAelVKUeUMqd5eIQ==
  dependencies:
    micromark-factory-space "^1.0.0"
    micromark-util-character "^1.0.0"
    micromark-util-symbol "^1.0.0"
    micromark-util-types "^1.0.0"
    uvu "^0.5.0"

micromark-extension-gfm@^2.0.0:
  version "2.0.3"
  resolved "https://registry.npmmirror.com/micromark-extension-gfm/-/micromark-extension-gfm-2.0.3.tgz#e517e8579949a5024a493e49204e884aa74f5acf"
  integrity sha512-vb9OoHqrhCmbRidQv/2+Bc6pkP0FrtlhurxZofvOEy5o8RtuuvTq+RQ1Vw5ZDNrVraQZu3HixESqbG+0iKk/MQ==
  dependencies:
    micromark-extension-gfm-autolink-literal "^1.0.0"
    micromark-extension-gfm-footnote "^1.0.0"
    micromark-extension-gfm-strikethrough "^1.0.0"
    micromark-extension-gfm-table "^1.0.0"
    micromark-extension-gfm-tagfilter "^1.0.0"
    micromark-extension-gfm-task-list-item "^1.0.0"
    micromark-util-combine-extensions "^1.0.0"
    micromark-util-types "^1.0.0"

micromark-extension-math@^2.0.0:
  version "2.1.2"
  resolved "https://registry.npmmirror.com/micromark-extension-math/-/micromark-extension-math-2.1.2.tgz#52c70cc8266cd20ada1ef5a479bfed9a19b789bf"
  integrity sha512-es0CcOV89VNS9wFmyn+wyFTKweXGW4CEvdaAca6SWRWPyYCbBisnjaHLjWO4Nszuiud84jCpkHsqAJoa768Pvg==
  dependencies:
    "@types/katex" "^0.16.0"
    katex "^0.16.0"
    micromark-factory-space "^1.0.0"
    micromark-util-character "^1.0.0"
    micromark-util-symbol "^1.0.0"
    micromark-util-types "^1.0.0"
    uvu "^0.5.0"

micromark-factory-destination@^1.0.0:
  version "1.1.0"
  resolved "https://registry.npmmirror.com/micromark-factory-destination/-/micromark-factory-destination-1.1.0.tgz#eb815957d83e6d44479b3df640f010edad667b9f"
  integrity sha512-XaNDROBgx9SgSChd69pjiGKbV+nfHGDPVYFs5dOoDd7ZnMAE+Cuu91BCpsY8RT2NP9vo/B8pds2VQNCLiu0zhg==
  dependencies:
    micromark-util-character "^1.0.0"
    micromark-util-symbol "^1.0.0"
    micromark-util-types "^1.0.0"

micromark-factory-label@^1.0.0:
  version "1.1.0"
  resolved "https://registry.npmmirror.com/micromark-factory-label/-/micromark-factory-label-1.1.0.tgz#cc95d5478269085cfa2a7282b3de26eb2e2dec68"
  integrity sha512-OLtyez4vZo/1NjxGhcpDSbHQ+m0IIGnT8BoPamh+7jVlzLJBH98zzuCoUeMxvM6WsNeh8wx8cKvqLiPHEACn0w==
  dependencies:
    micromark-util-character "^1.0.0"
    micromark-util-symbol "^1.0.0"
    micromark-util-types "^1.0.0"
    uvu "^0.5.0"

micromark-factory-space@^1.0.0:
  version "1.1.0"
  resolved "https://registry.npmmirror.com/micromark-factory-space/-/micromark-factory-space-1.1.0.tgz#c8f40b0640a0150751d3345ed885a080b0d15faf"
  integrity sha512-cRzEj7c0OL4Mw2v6nwzttyOZe8XY/Z8G0rzmWQZTBi/jjwyw/U4uqKtUORXQrR5bAZZnbTI/feRV/R7hc4jQYQ==
  dependencies:
    micromark-util-character "^1.0.0"
    micromark-util-types "^1.0.0"

micromark-factory-title@^1.0.0:
  version "1.1.0"
  resolved "https://registry.npmmirror.com/micromark-factory-title/-/micromark-factory-title-1.1.0.tgz#dd0fe951d7a0ac71bdc5ee13e5d1465ad7f50ea1"
  integrity sha512-J7n9R3vMmgjDOCY8NPw55jiyaQnH5kBdV2/UXCtZIpnHH3P6nHUKaH7XXEYuWwx/xUJcawa8plLBEjMPU24HzQ==
  dependencies:
    micromark-factory-space "^1.0.0"
    micromark-util-character "^1.0.0"
    micromark-util-symbol "^1.0.0"
    micromark-util-types "^1.0.0"

micromark-factory-whitespace@^1.0.0:
  version "1.1.0"
  resolved "https://registry.npmmirror.com/micromark-factory-whitespace/-/micromark-factory-whitespace-1.1.0.tgz#798fb7489f4c8abafa7ca77eed6b5745853c9705"
  integrity sha512-v2WlmiymVSp5oMg+1Q0N1Lxmt6pMhIHD457whWM7/GUlEks1hI9xj5w3zbc4uuMKXGisksZk8DzP2UyGbGqNsQ==
  dependencies:
    micromark-factory-space "^1.0.0"
    micromark-util-character "^1.0.0"
    micromark-util-symbol "^1.0.0"
    micromark-util-types "^1.0.0"

micromark-util-character@^1.0.0:
  version "1.2.0"
  resolved "https://registry.npmmirror.com/micromark-util-character/-/micromark-util-character-1.2.0.tgz#4fedaa3646db249bc58caeb000eb3549a8ca5dcc"
  integrity sha512-lXraTwcX3yH/vMDaFWCQJP1uIszLVebzUa3ZHdrgxr7KEU/9mL4mVgCpGbyhvNLNlauROiNUq7WN5u7ndbY6xg==
  dependencies:
    micromark-util-symbol "^1.0.0"
    micromark-util-types "^1.0.0"

micromark-util-chunked@^1.0.0:
  version "1.1.0"
  resolved "https://registry.npmmirror.com/micromark-util-chunked/-/micromark-util-chunked-1.1.0.tgz#37a24d33333c8c69a74ba12a14651fd9ea8a368b"
  integrity sha512-Ye01HXpkZPNcV6FiyoW2fGZDUw4Yc7vT0E9Sad83+bEDiCJ1uXu0S3mr8WLpsz3HaG3x2q0HM6CTuPdcZcluFQ==
  dependencies:
    micromark-util-symbol "^1.0.0"

micromark-util-classify-character@^1.0.0:
  version "1.1.0"
  resolved "https://registry.npmmirror.com/micromark-util-classify-character/-/micromark-util-classify-character-1.1.0.tgz#6a7f8c8838e8a120c8e3c4f2ae97a2bff9190e9d"
  integrity sha512-SL0wLxtKSnklKSUplok1WQFoGhUdWYKggKUiqhX+Swala+BtptGCu5iPRc+xvzJ4PXE/hwM3FNXsfEVgoZsWbw==
  dependencies:
    micromark-util-character "^1.0.0"
    micromark-util-symbol "^1.0.0"
    micromark-util-types "^1.0.0"

micromark-util-combine-extensions@^1.0.0:
  version "1.1.0"
  resolved "https://registry.npmmirror.com/micromark-util-combine-extensions/-/micromark-util-combine-extensions-1.1.0.tgz#192e2b3d6567660a85f735e54d8ea6e3952dbe84"
  integrity sha512-Q20sp4mfNf9yEqDL50WwuWZHUrCO4fEyeDCnMGmG5Pr0Cz15Uo7KBs6jq+dq0EgX4DPwwrh9m0X+zPV1ypFvUA==
  dependencies:
    micromark-util-chunked "^1.0.0"
    micromark-util-types "^1.0.0"

micromark-util-decode-numeric-character-reference@^1.0.0:
  version "1.1.0"
  resolved "https://registry.npmmirror.com/micromark-util-decode-numeric-character-reference/-/micromark-util-decode-numeric-character-reference-1.1.0.tgz#b1e6e17009b1f20bc652a521309c5f22c85eb1c6"
  integrity sha512-m9V0ExGv0jB1OT21mrWcuf4QhP46pH1KkfWy9ZEezqHKAxkj4mPCy3nIH1rkbdMlChLHX531eOrymlwyZIf2iw==
  dependencies:
    micromark-util-symbol "^1.0.0"

micromark-util-decode-string@^1.0.0:
  version "1.1.0"
  resolved "https://registry.npmmirror.com/micromark-util-decode-string/-/micromark-util-decode-string-1.1.0.tgz#dc12b078cba7a3ff690d0203f95b5d5537f2809c"
  integrity sha512-YphLGCK8gM1tG1bd54azwyrQRjCFcmgj2S2GoJDNnh4vYtnL38JS8M4gpxzOPNyHdNEpheyWXCTnnTDY3N+NVQ==
  dependencies:
    decode-named-character-reference "^1.0.0"
    micromark-util-character "^1.0.0"
    micromark-util-decode-numeric-character-reference "^1.0.0"
    micromark-util-symbol "^1.0.0"

micromark-util-encode@^1.0.0:
  version "1.1.0"
  resolved "https://registry.npmmirror.com/micromark-util-encode/-/micromark-util-encode-1.1.0.tgz#92e4f565fd4ccb19e0dcae1afab9a173bbeb19a5"
  integrity sha512-EuEzTWSTAj9PA5GOAs992GzNh2dGQO52UvAbtSOMvXTxv3Criqb6IOzJUBCmEqrrXSblJIJBbFFv6zPxpreiJw==

micromark-util-html-tag-name@^1.0.0:
  version "1.2.0"
  resolved "https://registry.npmmirror.com/micromark-util-html-tag-name/-/micromark-util-html-tag-name-1.2.0.tgz#48fd7a25826f29d2f71479d3b4e83e94829b3588"
  integrity sha512-VTQzcuQgFUD7yYztuQFKXT49KghjtETQ+Wv/zUjGSGBioZnkA4P1XXZPT1FHeJA6RwRXSF47yvJ1tsJdoxwO+Q==

micromark-util-normalize-identifier@^1.0.0:
  version "1.1.0"
  resolved "https://registry.npmmirror.com/micromark-util-normalize-identifier/-/micromark-util-normalize-identifier-1.1.0.tgz#7a73f824eb9f10d442b4d7f120fecb9b38ebf8b7"
  integrity sha512-N+w5vhqrBihhjdpM8+5Xsxy71QWqGn7HYNUvch71iV2PM7+E3uWGox1Qp90loa1ephtCxG2ftRV/Conitc6P2Q==
  dependencies:
    micromark-util-symbol "^1.0.0"

micromark-util-resolve-all@^1.0.0:
  version "1.1.0"
  resolved "https://registry.npmmirror.com/micromark-util-resolve-all/-/micromark-util-resolve-all-1.1.0.tgz#4652a591ee8c8fa06714c9b54cd6c8e693671188"
  integrity sha512-b/G6BTMSg+bX+xVCshPTPyAu2tmA0E4X98NSR7eIbeC6ycCqCeE7wjfDIgzEbkzdEVJXRtOG4FbEm/uGbCRouA==
  dependencies:
    micromark-util-types "^1.0.0"

micromark-util-sanitize-uri@^1.0.0:
  version "1.2.0"
  resolved "https://registry.npmmirror.com/micromark-util-sanitize-uri/-/micromark-util-sanitize-uri-1.2.0.tgz#613f738e4400c6eedbc53590c67b197e30d7f90d"
  integrity sha512-QO4GXv0XZfWey4pYFndLUKEAktKkG5kZTdUNaTAkzbuJxn2tNBOr+QtxR2XpWaMhbImT2dPzyLrPXLlPhph34A==
  dependencies:
    micromark-util-character "^1.0.0"
    micromark-util-encode "^1.0.0"
    micromark-util-symbol "^1.0.0"

micromark-util-subtokenize@^1.0.0:
  version "1.1.0"
  resolved "https://registry.npmmirror.com/micromark-util-subtokenize/-/micromark-util-subtokenize-1.1.0.tgz#941c74f93a93eaf687b9054aeb94642b0e92edb1"
  integrity sha512-kUQHyzRoxvZO2PuLzMt2P/dwVsTiivCK8icYTeR+3WgbuPqfHgPPy7nFKbeqRivBvn/3N3GBiNC+JRTMSxEC7A==
  dependencies:
    micromark-util-chunked "^1.0.0"
    micromark-util-symbol "^1.0.0"
    micromark-util-types "^1.0.0"
    uvu "^0.5.0"

micromark-util-symbol@^1.0.0:
  version "1.1.0"
  resolved "https://registry.npmmirror.com/micromark-util-symbol/-/micromark-util-symbol-1.1.0.tgz#813cd17837bdb912d069a12ebe3a44b6f7063142"
  integrity sha512-uEjpEYY6KMs1g7QfJ2eX1SQEV+ZT4rUD3UcF6l57acZvLNK7PBZL+ty82Z1qhK1/yXIY4bdx04FKMgR0g4IAag==

micromark-util-types@^1.0.0, micromark-util-types@^1.0.1:
  version "1.1.0"
  resolved "https://registry.npmmirror.com/micromark-util-types/-/micromark-util-types-1.1.0.tgz#e6676a8cae0bb86a2171c498167971886cb7e283"
  integrity sha512-ukRBgie8TIAcacscVHSiddHjO4k/q3pnedmzMQ4iwDcK0FtFCohKOlFbaOL/mPgfnPsL3C1ZyxJa4sbWrBl3jg==

micromark@^3.0.0:
  version "3.2.0"
  resolved "https://registry.npmmirror.com/micromark/-/micromark-3.2.0.tgz#1af9fef3f995ea1ea4ac9c7e2f19c48fd5c006e9"
  integrity sha512-uD66tJj54JLYq0De10AhWycZWGQNUvDI55xPgk2sQM5kn1JYlhbCMTtEeT27+vAhW2FBQxLlOmS3pmA7/2z4aA==
  dependencies:
    "@types/debug" "^4.0.0"
    debug "^4.0.0"
    decode-named-character-reference "^1.0.0"
    micromark-core-commonmark "^1.0.1"
    micromark-factory-space "^1.0.0"
    micromark-util-character "^1.0.0"
    micromark-util-chunked "^1.0.0"
    micromark-util-combine-extensions "^1.0.0"
    micromark-util-decode-numeric-character-reference "^1.0.0"
    micromark-util-encode "^1.0.0"
    micromark-util-normalize-identifier "^1.0.0"
    micromark-util-resolve-all "^1.0.0"
    micromark-util-sanitize-uri "^1.0.0"
    micromark-util-subtokenize "^1.0.0"
    micromark-util-symbol "^1.0.0"
    micromark-util-types "^1.0.1"
    uvu "^0.5.0"

mri@^1.1.0:
  version "1.2.0"
  resolved "https://registry.npmmirror.com/mri/-/mri-1.2.0.tgz#6721480fec2a11a4889861115a48b6cbe7cc8f0b"
  integrity sha512-tzzskb3bG8LvYGFF/mDTpq3jpI6Q9wc3LEmBaghu+DdCssd1FakN7Bc0hVNmEyGq1bq3RgfkCb3cmQLpNPOroA==

ms@2.1.2:
  version "2.1.2"
  resolved "https://registry.npmmirror.com/ms/-/ms-2.1.2.tgz#d09d1f357b443f493382a8eb3ccd183872ae6009"
  integrity sha512-sGkPx+VjMtmA6MX27oA4FBFELFCZZ4S4XqeGOXCv68tT+jb3vk/RyaKWP0PTKyWtmLSM0b+adUTEvbs1PEaH2w==

parse-entities@^4.0.0:
  version "4.0.1"
  resolved "https://registry.npmmirror.com/parse-entities/-/parse-entities-4.0.1.tgz#4e2a01111fb1c986549b944af39eeda258fc9e4e"
  integrity sha512-SWzvYcSJh4d/SGLIOQfZ/CoNv6BTlI6YEQ7Nj82oDVnRpwe/Z/F1EMx42x3JAOwGBlCjeCH0BRJQbQ/opHL17w==
  dependencies:
    "@types/unist" "^2.0.0"
    character-entities "^2.0.0"
    character-entities-legacy "^3.0.0"
    character-reference-invalid "^2.0.0"
    decode-named-character-reference "^1.0.0"
    is-alphanumerical "^2.0.0"
    is-decimal "^2.0.0"
    is-hexadecimal "^2.0.0"

pluralize@^8.0.0:
  version "8.0.0"
  resolved "https://registry.npmmirror.com/pluralize/-/pluralize-8.0.0.tgz#1a6fa16a38d12a1901e0320fa017051c539ce3b1"
  integrity sha512-Nc3IT5yHzflTfbjgqWcCPpo7DaKy4FnpB0l/zCAW0Tc7jxAiuqSxHasntB3D7887LSrA93kDJ9IXovxJYxyLCA==

remark-directive@^2.0.1:
  version "2.0.1"
  resolved "https://registry.npmmirror.com/remark-directive/-/remark-directive-2.0.1.tgz#1c32d9df8d839a75ba3478112d21fe883635b48e"
  integrity sha512-oosbsUAkU/qmUE78anLaJePnPis4ihsE7Agp0T/oqTzvTea8pOiaYEtfInU/+xMOVTS9PN5AhGOiaIVe4GD8gw==
  dependencies:
    "@types/mdast" "^3.0.0"
    mdast-util-directive "^2.0.0"
    micromark-extension-directive "^2.0.0"
    unified "^10.0.0"

remark-gfm@^3.0.1:
  version "3.0.1"
  resolved "https://registry.npmmirror.com/remark-gfm/-/remark-gfm-3.0.1.tgz#0b180f095e3036545e9dddac0e8df3fa5cfee54f"
  integrity sha512-lEFDoi2PICJyNrACFOfDD3JlLkuSbOa5Wd8EPt06HUdptv8Gn0bxYTdbU/XXQ3swAPkEaGxxPN9cbnMHvVu1Ig==
  dependencies:
    "@types/mdast" "^3.0.0"
    mdast-util-gfm "^2.0.0"
    micromark-extension-gfm "^2.0.0"
    unified "^10.0.0"

remark-lint-final-newline@^2.0.0:
  version "2.1.2"
  resolved "https://registry.npmmirror.com/remark-lint-final-newline/-/remark-lint-final-newline-2.1.2.tgz#c67267f6feede083f034d1f43ff22c5056bc0fe0"
  integrity sha512-K0FdPGPyEB94PwNgopwVJFE8oRWi7IhY2ycXFVAMReI51el7EHB8F1gX14tB6p6zyGy6mUh69bCVU9mMTNeOUg==
  dependencies:
    "@types/mdast" "^3.0.0"
    unified "^10.0.0"
    unified-lint-rule "^2.0.0"

remark-lint-hard-break-spaces@^3.0.0:
  version "3.1.2"
  resolved "https://registry.npmmirror.com/remark-lint-hard-break-spaces/-/remark-lint-hard-break-spaces-3.1.2.tgz#c14cec655c697bcd76c1c65bdfb81a82b42b3160"
  integrity sha512-HaW0xsl3TI7VFAqGWWcZtPqyz0NWu19KKjSO7OGFTUJU4S9YiRnhIxmSFM0ZLSsVAynE+dhzVKa8U7dOpWDcOg==
  dependencies:
    "@types/mdast" "^3.0.0"
    unified "^10.0.0"
    unified-lint-rule "^2.0.0"
    unist-util-generated "^2.0.0"
    unist-util-position "^4.0.0"
    unist-util-visit "^4.0.0"

remark-lint-list-item-bullet-indent@^4.0.0:
  version "4.1.2"
  resolved "https://registry.npmmirror.com/remark-lint-list-item-bullet-indent/-/remark-lint-list-item-bullet-indent-4.1.2.tgz#20f0d147e2670956d7e09c8ed5b81212cc9c1f2f"
  integrity sha512-WgU5nooqIEm6f35opcbHKBzWrdFJA3XcyTfB3nv/v0KX43/h6qFGmmMJ5kEiaFExuQp3dZSdatWuY0YZ9YRbUg==
  dependencies:
    "@types/mdast" "^3.0.0"
    pluralize "^8.0.0"
    unified "^10.0.0"
    unified-lint-rule "^2.0.0"
    unist-util-visit "^4.0.0"

remark-lint-list-item-indent@^3.0.0:
  version "3.1.2"
  resolved "https://registry.npmmirror.com/remark-lint-list-item-indent/-/remark-lint-list-item-indent-3.1.2.tgz#8b7e8eafe78ea2308c61ee9ff239ecf46b6f2bd6"
  integrity sha512-tkrra1pxZVE4OVJGfN435u/v0ljruXU+dHzWiKDYeifquD4aWhJxvSApu7+FbE098D/4usVXgMxwFkNhrpZcSQ==
  dependencies:
    "@types/mdast" "^3.0.0"
    pluralize "^8.0.0"
    unified "^10.0.0"
    unified-lint-rule "^2.0.0"
    unist-util-generated "^2.0.0"
    unist-util-position "^4.0.0"
    unist-util-visit "^4.0.0"

remark-lint-no-blockquote-without-marker@^5.0.0:
  version "5.1.2"
  resolved "https://registry.npmmirror.com/remark-lint-no-blockquote-without-marker/-/remark-lint-no-blockquote-without-marker-5.1.2.tgz#647de3297d8bca29e6591a2ba24ba50a8d711a9c"
  integrity sha512-QPbqsrt7EfpSWqTkZJ9tepabPIhBDlNqZkuxxMQYD0OQ2N+tHDUq3zE1JxI5ts1V9o/mWApgySocqGd3jlcKmQ==
  dependencies:
    "@types/mdast" "^3.0.0"
    unified "^10.0.0"
    unified-lint-rule "^2.0.0"
    unist-util-generated "^2.0.0"
    unist-util-position "^4.0.0"
    unist-util-visit "^4.0.0"
    vfile-location "^4.0.0"

remark-lint-no-duplicate-definitions@^3.0.0:
  version "3.1.2"
  resolved "https://registry.npmmirror.com/remark-lint-no-duplicate-definitions/-/remark-lint-no-duplicate-definitions-3.1.2.tgz#6acb7b7cee7c8f063399a50c2c76ae19894d6057"
  integrity sha512-vi0nXA7p+pjQOorZOkr9E+QDhG74JAdbzqglWPrWWNI3z2rUYWYHTNSyWJbwEXaIIcev1ZAw8SCAOis5MNm+pA==
  dependencies:
    "@types/mdast" "^3.0.0"
    unified "^10.0.0"
    unified-lint-rule "^2.0.0"
    unist-util-generated "^2.0.0"
    unist-util-position "^4.0.0"
    unist-util-stringify-position "^3.0.0"
    unist-util-visit "^4.0.0"

remark-lint-no-heading-content-indent@^4.0.0:
  version "4.1.2"
  resolved "https://registry.npmmirror.com/remark-lint-no-heading-content-indent/-/remark-lint-no-heading-content-indent-4.1.2.tgz#fdc57ed0b40209ed09d25366b61d445399f1562b"
  integrity sha512-TTxFsm1f4ZHFxZQCuz7j0QK4RvP6oArTiwazKLr16yaZe1608ypogMek4A30j2xX8WuO9+2uBzLXCY5OBo5x5Q==
  dependencies:
    "@types/mdast" "^3.0.0"
    mdast-util-heading-style "^2.0.0"
    pluralize "^8.0.0"
    unified "^10.0.0"
    unified-lint-rule "^2.0.0"
    unist-util-generated "^2.0.0"
    unist-util-position "^4.0.0"
    unist-util-visit "^4.0.0"

remark-lint-no-inline-padding@^4.0.0:
  version "4.1.2"
  resolved "https://registry.npmmirror.com/remark-lint-no-inline-padding/-/remark-lint-no-inline-padding-4.1.2.tgz#f1e8bd21694f9f773078ff977934edea8ffd842d"
  integrity sha512-dGyhWsiqCZS3Slob0EVBUfsFBbdpMIBCvb56LlCgaHbnLsnNYx8PpF/wA5CgsN8BXIbXfRpyPB5cIJwIq5taYg==
  dependencies:
    "@types/mdast" "^3.0.0"
    mdast-util-to-string "^3.0.0"
    unified "^10.0.0"
    unified-lint-rule "^2.0.0"
    unist-util-generated "^2.0.0"
    unist-util-visit "^4.0.0"

remark-lint-no-literal-urls@^3.0.0:
  version "3.1.2"
  resolved "https://registry.npmmirror.com/remark-lint-no-literal-urls/-/remark-lint-no-literal-urls-3.1.2.tgz#9a261f810c5b5edbb3ed2903c3d03dc9c5e4b575"
  integrity sha512-4tV9JGLKxAMFSuWDMOqLozkFJ3HyRvhzgrPrxASoziaml23m7UXAozk5dkIrFny1cN2oG988Z8tORxX2FL1Ilw==
  dependencies:
    "@types/mdast" "^3.0.0"
    mdast-util-to-string "^3.0.0"
    unified "^10.0.0"
    unified-lint-rule "^2.0.0"
    unist-util-generated "^2.0.0"
    unist-util-position "^4.0.0"
    unist-util-visit "^4.0.0"

remark-lint-no-shortcut-reference-image@^3.0.0:
  version "3.1.2"
  resolved "https://registry.npmmirror.com/remark-lint-no-shortcut-reference-image/-/remark-lint-no-shortcut-reference-image-3.1.2.tgz#bae29d978fc1fedfd750feb23bb00c3b28d56416"
  integrity sha512-NX4XJFPyDeJJ77pmETxRj4oM/zayf7Lmn/O87HgExBkQIPz2NYbDeKD8QEyliLaV/oKA2rQufpzuFw55xa1Tww==
  dependencies:
    "@types/mdast" "^3.0.0"
    unified "^10.0.0"
    unified-lint-rule "^2.0.0"
    unist-util-generated "^2.0.0"
    unist-util-visit "^4.0.0"

remark-lint-no-shortcut-reference-link@^3.0.0:
  version "3.1.2"
  resolved "https://registry.npmmirror.com/remark-lint-no-shortcut-reference-link/-/remark-lint-no-shortcut-reference-link-3.1.2.tgz#451d867b58fcf20f6fcacf3da64fedf86b07bcf2"
  integrity sha512-/9iPN7FLKaaIzw4tLWKu7Rx0wAP7E2EuzIeentQlkY0rO/mMHipmT3IlgiebsAInKagzTY6TNFoG1rq2VnaCcA==
  dependencies:
    "@types/mdast" "^3.0.0"
    unified "^10.0.0"
    unified-lint-rule "^2.0.0"
    unist-util-generated "^2.0.0"
    unist-util-visit "^4.0.0"

remark-lint-no-undefined-references@^4.0.0:
  version "4.2.1"
  resolved "https://registry.npmmirror.com/remark-lint-no-undefined-references/-/remark-lint-no-undefined-references-4.2.1.tgz#191fbd4f05162b2595765351bcc75a41919e2fab"
  integrity sha512-HdNg5b2KiuNplcuVvRtsrUiROw557kAG1CiZYB7jQrrVWFgd86lKTa3bDiywe+87dGrGmHd3qQ28eZYTuHz2Nw==
  dependencies:
    "@types/mdast" "^3.0.0"
    micromark-util-normalize-identifier "^1.0.0"
    unified "^10.0.0"
    unified-lint-rule "^2.0.0"
    unist-util-generated "^2.0.0"
    unist-util-position "^4.0.0"
    unist-util-visit "^4.0.0"
    vfile-location "^4.0.0"

remark-lint-no-unused-definitions@^3.0.0:
  version "3.1.2"
  resolved "https://registry.npmmirror.com/remark-lint-no-unused-definitions/-/remark-lint-no-unused-definitions-3.1.2.tgz#491dcef1dd284060f0222d11b9c38bd90c2d76fd"
  integrity sha512-bOcaJAnjKxT3kASFquUA3fO9xem9wZhVqt8TbqjA84+G4n40qjaLXDs/4vq73aMsSde73K0f3j1u0pMe7et8yQ==
  dependencies:
    "@types/mdast" "^3.0.0"
    unified "^10.0.0"
    unified-lint-rule "^2.0.0"
    unist-util-generated "^2.0.0"
    unist-util-visit "^4.0.0"

remark-lint-ordered-list-marker-style@^3.0.0:
  version "3.1.2"
  resolved "https://registry.npmmirror.com/remark-lint-ordered-list-marker-style/-/remark-lint-ordered-list-marker-style-3.1.2.tgz#9c7b38fb80784a7bd966f888f87aa83bff282d14"
  integrity sha512-62iVE/YQsA0Azaqt8yAJWPplWLS47kDLjXeC2PlRIAzCqbNt9qH3HId8vZ15QTSrp8rHmJwrCMdcqV6AZUi7gQ==
  dependencies:
    "@types/mdast" "^3.0.0"
    unified "^10.0.0"
    unified-lint-rule "^2.0.0"
    unist-util-generated "^2.0.0"
    unist-util-position "^4.0.0"
    unist-util-visit "^4.0.0"

remark-lint@^9.0.0:
  version "9.1.2"
  resolved "https://registry.npmmirror.com/remark-lint/-/remark-lint-9.1.2.tgz#0781e273bba33fbfd26210b639b8a3702d65ad91"
  integrity sha512-m9e/aPlh7tsvfJfj8tPxrQzD6oEdb9Foko+Ya/6OwUP9EoGMfehv1Qtv26W1DoH58Wn8rT8CD+KuprTWscMmIA==
  dependencies:
    "@types/mdast" "^3.0.0"
    remark-message-control "^7.0.0"
    unified "^10.1.0"

remark-math@^5.1.1:
  version "5.1.1"
  resolved "https://registry.npmmirror.com/remark-math/-/remark-math-5.1.1.tgz#459e798d978d4ca032e745af0bac81ddcdf94964"
  integrity sha512-cE5T2R/xLVtfFI4cCePtiRn+e6jKMtFDR3P8V3qpv8wpKjwvHoBA4eJzvX+nVrnlNy0911bdGmuspCSwetfYHw==
  dependencies:
    "@types/mdast" "^3.0.0"
    mdast-util-math "^2.0.0"
    micromark-extension-math "^2.0.0"
    unified "^10.0.0"

remark-message-control@^7.0.0:
  version "7.1.1"
  resolved "https://registry.npmmirror.com/remark-message-control/-/remark-message-control-7.1.1.tgz#71e9b757b835fad2ac14fafa8b432f51b9b9bf52"
  integrity sha512-xKRWl1NTBOKed0oEtCd8BUfH5m4s8WXxFFSoo7uUwx6GW/qdCy4zov5LfPyw7emantDmhfWn5PdIZgcbVcWMDQ==
  dependencies:
    "@types/mdast" "^3.0.0"
    mdast-comment-marker "^2.0.0"
    unified "^10.0.0"
    unified-message-control "^4.0.0"
    vfile "^5.0.0"

remark-preset-lint-recommended@^6.1.3:
  version "6.1.3"
  resolved "https://registry.npmmirror.com/remark-preset-lint-recommended/-/remark-preset-lint-recommended-6.1.3.tgz#04b89a963bb7721d736fe731a9d8021d78ec95d7"
  integrity sha512-DGjbeP2TsFmQeJflUiIvJWAOs1PxJt7SG3WQyMxOppkRr/up+mxWVkuv+6AUuaR0EsuaaFGz7WmZM5TrSSFWJw==
  dependencies:
    "@types/mdast" "^3.0.0"
    remark-lint "^9.0.0"
    remark-lint-final-newline "^2.0.0"
    remark-lint-hard-break-spaces "^3.0.0"
    remark-lint-list-item-bullet-indent "^4.0.0"
    remark-lint-list-item-indent "^3.0.0"
    remark-lint-no-blockquote-without-marker "^5.0.0"
    remark-lint-no-duplicate-definitions "^3.0.0"
    remark-lint-no-heading-content-indent "^4.0.0"
    remark-lint-no-inline-padding "^4.0.0"
    remark-lint-no-literal-urls "^3.0.0"
    remark-lint-no-shortcut-reference-image "^3.0.0"
    remark-lint-no-shortcut-reference-link "^3.0.0"
    remark-lint-no-undefined-references "^4.0.0"
    remark-lint-no-unused-definitions "^3.0.0"
    remark-lint-ordered-list-marker-style "^3.0.0"
    unified "^10.0.0"

sade@^1.7.3:
  version "1.8.1"
  resolved "https://registry.npmmirror.com/sade/-/sade-1.8.1.tgz#0a78e81d658d394887be57d2a409bf703a3b2701"
  integrity sha512-xal3CZX1Xlo/k4ApwCFrHVACi9fBqJ7V+mwhBsuf/1IOKbBy098Fex+Wa/5QMubw09pSZ/u8EY8PWgevJsXp1A==
  dependencies:
    mri "^1.1.0"

stringify-entities@^4.0.0:
  version "4.0.3"
  resolved "https://registry.npmmirror.com/stringify-entities/-/stringify-entities-4.0.3.tgz#cfabd7039d22ad30f3cc435b0ca2c1574fc88ef8"
  integrity sha512-BP9nNHMhhfcMbiuQKCqMjhDP5yBCAxsPu4pHFFzJ6Alo9dZgY4VLDPutXqIjpRiMoKdp7Av85Gr73Q5uH9k7+g==
  dependencies:
    character-entities-html4 "^2.0.0"
    character-entities-legacy "^3.0.0"

trough@^2.0.0:
  version "2.1.0"
  resolved "https://registry.npmmirror.com/trough/-/trough-2.1.0.tgz#0f7b511a4fde65a46f18477ab38849b22c554876"
  integrity sha512-AqTiAOLcj85xS7vQ8QkAV41hPDIJ71XJB4RCUrzo/1GM2CQwhkJGaf9Hgr7BOugMRpgGUrqRg/DrBDl4H40+8g==

unified-lint-rule@^2.0.0:
  version "2.1.2"
  resolved "https://registry.npmmirror.com/unified-lint-rule/-/unified-lint-rule-2.1.2.tgz#3ca2c6199b84aa8b48b60fda0f61b8eba55807d5"
  integrity sha512-JWudPtRN7TLFHVLEVZ+Rm8FUb6kCAtHxEXFgBGDxRSdNMnGyTU5zyYvduHSF/liExlFB3vdFvsAHnNVE/UjAwA==
  dependencies:
    "@types/unist" "^2.0.0"
    trough "^2.0.0"
    unified "^10.0.0"
    vfile "^5.0.0"

unified-message-control@^4.0.0:
  version "4.0.0"
  resolved "https://registry.npmmirror.com/unified-message-control/-/unified-message-control-4.0.0.tgz#7cd313df526fc660f218b19a56377bb6957019a8"
  integrity sha512-1b92N+VkPHftOsvXNOtkJm4wHlr+UDmTBF2dUzepn40oy9NxanJ9xS1RwUBTjXJwqr2K0kMbEyv1Krdsho7+Iw==
  dependencies:
    "@types/unist" "^2.0.0"
    unist-util-is "^5.0.0"
    unist-util-visit "^3.0.0"
    vfile "^5.0.0"
    vfile-location "^4.0.0"
    vfile-message "^3.0.0"

unified@^10.0.0, unified@^10.1.0:
  version "10.1.2"
  resolved "https://registry.npmmirror.com/unified/-/unified-10.1.2.tgz#b1d64e55dafe1f0b98bb6c719881103ecf6c86df"
  integrity sha512-pUSWAi/RAnVy1Pif2kAoeWNBa3JVrx0MId2LASj8G+7AiHWoKZNTomq6LG326T68U7/e263X6fTdcXIy7XnF7Q==
  dependencies:
    "@types/unist" "^2.0.0"
    bail "^2.0.0"
    extend "^3.0.0"
    is-buffer "^2.0.0"
    is-plain-obj "^4.0.0"
    trough "^2.0.0"
    vfile "^5.0.0"

unist-util-generated@^2.0.0:
  version "2.0.1"
  resolved "https://registry.npmmirror.com/unist-util-generated/-/unist-util-generated-2.0.1.tgz#e37c50af35d3ed185ac6ceacb6ca0afb28a85cae"
  integrity sha512-qF72kLmPxAw0oN2fwpWIqbXAVyEqUzDHMsbtPvOudIlUzXYFIeQIuxXQCRCFh22B7cixvU0MG7m3MW8FTq/S+A==

unist-util-is@^5.0.0:
  version "5.2.1"
  resolved "https://registry.npmmirror.com/unist-util-is/-/unist-util-is-5.2.1.tgz#b74960e145c18dcb6226bc57933597f5486deae9"
  integrity sha512-u9njyyfEh43npf1M+yGKDGVPbY/JWEemg5nH05ncKPfi+kBbKBJoTdsogMu33uhytuLlv9y0O7GH7fEdwLdLQw==
  dependencies:
    "@types/unist" "^2.0.0"

unist-util-position@^4.0.0:
  version "4.0.4"
  resolved "https://registry.npmmirror.com/unist-util-position/-/unist-util-position-4.0.4.tgz#93f6d8c7d6b373d9b825844645877c127455f037"
  integrity sha512-kUBE91efOWfIVBo8xzh/uZQ7p9ffYRtUbMRZBNFYwf0RK8koUMx6dGUfwylLOKmaT2cs4wSW96QoYUSXAyEtpg==
  dependencies:
    "@types/unist" "^2.0.0"

unist-util-stringify-position@^3.0.0:
  version "3.0.3"
  resolved "https://registry.npmmirror.com/unist-util-stringify-position/-/unist-util-stringify-position-3.0.3.tgz#03ad3348210c2d930772d64b489580c13a7db39d"
  integrity sha512-k5GzIBZ/QatR8N5X2y+drfpWG8IDBzdnVj6OInRNWm1oXrzydiaAT2OQiA8DPRRZyAKb9b6I2a6PxYklZD0gKg==
  dependencies:
    "@types/unist" "^2.0.0"

unist-util-visit-parents@^4.0.0:
  version "4.1.1"
  resolved "https://registry.npmmirror.com/unist-util-visit-parents/-/unist-util-visit-parents-4.1.1.tgz#e83559a4ad7e6048a46b1bdb22614f2f3f4724f2"
  integrity sha512-1xAFJXAKpnnJl8G7K5KgU7FY55y3GcLIXqkzUj5QF/QVP7biUm0K0O2oqVkYsdjzJKifYeWn9+o6piAK2hGSHw==
  dependencies:
    "@types/unist" "^2.0.0"
    unist-util-is "^5.0.0"

unist-util-visit-parents@^5.0.0, unist-util-visit-parents@^5.1.1, unist-util-visit-parents@^5.1.3:
  version "5.1.3"
  resolved "https://registry.npmmirror.com/unist-util-visit-parents/-/unist-util-visit-parents-5.1.3.tgz#b4520811b0ca34285633785045df7a8d6776cfeb"
  integrity sha512-x6+y8g7wWMyQhL1iZfhIPhDAs7Xwbn9nRosDXl7qoPTSCy0yNxnKc+hWokFifWQIDGi154rdUqKvbCa4+1kLhg==
  dependencies:
    "@types/unist" "^2.0.0"
    unist-util-is "^5.0.0"

unist-util-visit@^3.0.0:
  version "3.1.0"
  resolved "https://registry.npmmirror.com/unist-util-visit/-/unist-util-visit-3.1.0.tgz#9420d285e1aee938c7d9acbafc8e160186dbaf7b"
  integrity sha512-Szoh+R/Ll68QWAyQyZZpQzZQm2UPbxibDvaY8Xc9SUtYgPsDzx5AWSk++UUt2hJuow8mvwR+rG+LQLw+KsuAKA==
  dependencies:
    "@types/unist" "^2.0.0"
    unist-util-is "^5.0.0"
    unist-util-visit-parents "^4.0.0"

unist-util-visit@^4.0.0:
  version "4.1.2"
  resolved "https://registry.npmmirror.com/unist-util-visit/-/unist-util-visit-4.1.2.tgz#125a42d1eb876283715a3cb5cceaa531828c72e2"
  integrity sha512-MSd8OUGISqHdVvfY9TPhyK2VdUrPgxkUtWSuMHF6XAAFuL4LokseigBnZtPnJMu+FbynTkFNnFlyjxpVKujMRg==
  dependencies:
    "@types/unist" "^2.0.0"
    unist-util-is "^5.0.0"
    unist-util-visit-parents "^5.1.1"

uvu@^0.5.0:
  version "0.5.6"
  resolved "https://registry.npmmirror.com/uvu/-/uvu-0.5.6.tgz#2754ca20bcb0bb59b64e9985e84d2e81058502df"
  integrity sha512-+g8ENReyr8YsOc6fv/NVJs2vFdHBnBNdfE49rshrTzDWOlUx4Gq7KOS2GD8eqhy2j+Ejq29+SbKH8yjkAqXqoA==
  dependencies:
    dequal "^2.0.0"
    diff "^5.0.0"
    kleur "^4.0.3"
    sade "^1.7.3"

vfile-location@^4.0.0:
  version "4.1.0"
  resolved "https://registry.npmmirror.com/vfile-location/-/vfile-location-4.1.0.tgz#69df82fb9ef0a38d0d02b90dd84620e120050dd0"
  integrity sha512-YF23YMyASIIJXpktBa4vIGLJ5Gs88UB/XePgqPmTa7cDA+JeO3yclbpheQYCHjVHBn/yePzrXuygIL+xbvRYHw==
  dependencies:
    "@types/unist" "^2.0.0"
    vfile "^5.0.0"

vfile-message@^3.0.0:
  version "3.1.4"
  resolved "https://registry.npmmirror.com/vfile-message/-/vfile-message-3.1.4.tgz#15a50816ae7d7c2d1fa87090a7f9f96612b59dea"
  integrity sha512-fa0Z6P8HUrQN4BZaX05SIVXic+7kE3b05PWAtPuYP9QLHsLKYR7/AlLW3NtOrpXRLeawpDLMsVkmk5DG0NXgWw==
  dependencies:
    "@types/unist" "^2.0.0"
    unist-util-stringify-position "^3.0.0"

vfile@^5.0.0:
  version "5.3.7"
  resolved "https://registry.npmmirror.com/vfile/-/vfile-5.3.7.tgz#de0677e6683e3380fafc46544cfe603118826ab7"
  integrity sha512-r7qlzkgErKjobAmyNIkkSpizsFPYiUPuJb5pNW1RB4JcYVZhs4lIbVqk8XPk033CV/1z8ss5pkax8SuhGpcG8g==
  dependencies:
    "@types/unist" "^2.0.0"
    is-buffer "^2.0.0"
    unist-util-stringify-position "^3.0.0"
    vfile-message "^3.0.0"

zwitch@^2.0.0:
  version "2.0.4"
  resolved "https://registry.npmmirror.com/zwitch/-/zwitch-2.0.4.tgz#c827d4b0acb76fc3e685a4c6ec2902d51070e9d7"
  integrity sha512-bXE4cR/kVZhKZX/RjPEflHaKVhUVl85noU3v6b8apfQEc1x4A+zBxjZ4lN8LqGd6WZ3dl98pY4o717VFmoPp+A==
